dependencies:
  espressif/led_strip:
    component_hash: 28c6509a727ef74925b372ed404772aeedf11cce10b78c3f69b3c66799095e2d
    dependencies:
    - name: idf
      require: private
      version: '>=4.4'
    source:
      registry_url: https://components.espressif.com/
      type: service
    version: 2.5.5
  idf:
    source:
      type: idf
    version: 5.2.3
direct_dependencies:
- espressif/led_strip
- idf
manifest_hash: 77eea87e54c72e1c6bae26b3168825025edeccd62a11229ba788680e29ed7dbb
target: esp32
version: 2.0.0
